
Microsoft Visual Studio Solution File, Format Version 12.00
# Visual Studio Version 17
VisualStudioVersion = 17.8.34330.188
MinimumVisualStudioVersion = 10.0.40219.1
Project("{9A19103F-16F7-4668-BE54-9A1E7A4F7556}") = "MultiTermSearch", "MultiTermSearch\MultiTermSearch.csproj", "{7C918756-03B6-4A4D-BEBB-5B3ECF8373FD}"
EndProject
Project("{2150E333-8FDC-42A3-9474-1A3956D46DE8}") = "Solution Items", "Solution Items", "{AFFCA01E-4448-48DC-96C5-9C4D41B0D242}"
	ProjectSection(SolutionItems) = preProject
		.gitignore = .gitignore
		LICENSE = LICENSE
		README.md = README.md
	EndProjectSection
EndProject
Global
	GlobalSection(SolutionConfigurationPlatforms) = preSolution
		Debug|Any CPU = Debug|Any CPU
		Release|Any CPU = Release|Any CPU
	EndGlobalSection
	GlobalSection(ProjectConfigurationPlatforms) = postSolution
		{7C918756-03B6-4A4D-BEBB-5B3ECF8373FD}.Debug|Any CPU.ActiveCfg = Debug|Any CPU
		{7C918756-03B6-4A4D-BEBB-5B3ECF8373FD}.Debug|Any CPU.Build.0 = Debug|Any CPU
		{7C918756-03B6-4A4D-BEBB-5B3ECF8373FD}.Release|Any CPU.ActiveCfg = Release|Any CPU
		{7C918756-03B6-4A4D-BEBB-5B3ECF8373FD}.Release|Any CPU.Build.0 = Release|Any CPU
	EndGlobalSection
	GlobalSection(SolutionProperties) = preSolution
		HideSolutionNode = FALSE
	EndGlobalSection
	GlobalSection(ExtensibilityGlobals) = postSolution
		SolutionGuid = {ACA92338-753E-4297-918D-CCF6B6F41B2C}
	EndGlobalSection
EndGlobal
